// !$*UTF8*$!
{
	archiveVersion = 1;
	classes = {
	};
	objectVersion = 50;
	objects = {

/* Begin PBXBuildFile section */
		05BECC0F2098374300BE0961 /* AppDelegate.swift in Sources */ = {isa = PBXBuildFile; fileRef = 05BECC0E2098374300BE0961 /* AppDelegate.swift */; };
		05BECC112098374300BE0961 /* ViewController.swift in Sources */ = {isa = PBXBuildFile; fileRef = 05BECC102098374300BE0961 /* ViewController.swift */; };
		05BECC142098374300BE0961 /* Main.storyboard in Resources */ = {isa = PBXBuildFile; fileRef = 05BECC122098374300BE0961 /* Main.storyboard */; };
		05BECC162098374500BE0961 /* Assets.xcassets in Resources */ = {isa = PBXBuildFile; fileRef = 05BECC152098374500BE0961 /* Assets.xcassets */; };
		05BECC192098374500BE0961 /* LaunchScreen.storyboard in Resources */ = {isa = PBXBuildFile; fileRef = 05BECC172098374500BE0961 /* LaunchScreen.storyboard */; };
		05BECC242098374500BE0961 /* skateSNSTests.swift in Sources */ = {isa = PBXBuildFile; fileRef = 05BECC232098374500BE0961 /* skateSNSTests.swift */; };
		05BECC2F2098374500BE0961 /* skateSNSUITests.swift in Sources */ = {isa = PBXBuildFile; fileRef = 05BECC2E2098374500BE0961 /* skateSNSUITests.swift */; };
/* End PBXBuildFile section */

/* Begin PBXContainerItemProxy section */
		05BECC202098374500BE0961 /* PBXContainerItemProxy */ = {
			isa = PBXContainerItemProxy;
			containerPortal = 05BECC032098374300BE0961 /* Project object */;
			proxyType = 1;
			remoteGlobalIDString = 05BECC0A2098374300BE0961;
			remoteInfo = skateSNS;
		};
		05BECC2B2098374500BE0961 /* PBXContainerItemProxy */ = {
			isa = PBXContainerItemProxy;
			containerPortal = 05BECC032098374300BE0961 /* Project object */;
			proxyType = 1;
			remoteGlobalIDString = 05BECC0A2098374300BE0961;
			remoteInfo = skateSNS;
		};
/* End PBXContainerItemProxy section */

/* Begin PBXFileReference section */
		05BECC0B2098374300BE0961 /* skateSNS.app */ = {isa = PBXFileReference; explicitFileType = wrapper.application; includeInIndex = 0; path = skateSNS.app; sourceTree = BUILT_PRODUCTS_DIR; };
		05BECC0E2098374300BE0961 /* AppDelegate.swift */ = {isa = PBXFileReference; lastKnownFileType = sourcecode.swift; path = AppDelegate.swift; sourceTree = "<group>"; };
		05BECC102098374300BE0961 /* ViewController.swift */ = {isa = PBXFileReference; lastKnownFileType = sourcecode.swift; path = ViewController.swift; sourceTree = "<group>"; };
		05BECC132098374300BE0961 /* Base */ = {isa = PBXFileReference; lastKnownFileType = file.storyboard; name = Base; path = Base.lproj/Main.storyboard; sourceTree = "<group>"; };
		05BECC152098374500BE0961 /* Assets.xcassets */ = {isa = PBXFileReference; lastKnownFileType = folder.assetcatalog; path = Assets.xcassets; sourceTree = "<group>"; };
		05BECC182098374500BE0961 /* Base */ = {isa = PBXFileReference; lastKnownFileType = file.storyboard; name = Base; path = Base.lproj/LaunchScreen.storyboard; sourceTree = "<group>"; };
		05BECC1A2098374500BE0961 /* Info.plist */ = {isa = PBXFileReference; lastKnownFileType = text.plist.xml; path = Info.plist; sourceTree = "<group>"; };
		05BECC1F2098374500BE0961 /* skateSNSTests.xctest */ = {isa = PBXFileReference; explicitFileType = wrapper.cfbundle; includeInIndex = 0; path = skateSNSTests.xctest; sourceTree = BUILT_PRODUCTS_DIR; };
		05BECC232098374500BE0961 /* skateSNSTests.swift */ = {isa = PBXFileReference; lastKnownFileType = sourcecode.swift; path = skateSNSTests.swift; sourceTree = "<group>"; };
		05BECC252098374500BE0961 /* Info.plist */ = {isa = PBXFileReference; lastKnownFileType = text.plist.xml; path = Info.plist; sourceTree = "<group>"; };
		05BECC2A2098374500BE0961 /* skateSNSUITests.xctest */ = {isa = PBXFileReference; explicitFileType = wrapper.cfbundle; includeInIndex = 0; path = skateSNSUITests.xctest; sourceTree = BUILT_PRODUCTS_DIR; };
		05BECC2E2098374500BE0961 /* skateSNSUITests.swift */ = {isa = PBXFileReference; lastKnownFileType = sourcecode.swift; path = skateSNSUITests.swift; sourceTree = "<group>"; };
		05BECC302098374500BE0961 /* Info.plist */ = {isa = PBXFileReference; lastKnownFileType = text.plist.xml; path = Info.plist; sourceTree = "<group>"; };
/* End PBXFileReference section */

/* Begin PBXFrameworksBuildPhase section */
		05BECC082098374300BE0961 /* Frameworks */ = {
			isa = PBXFrameworksBuildPhase;
			buildActionMask = 2147483647;
			files = (
			);
			runOnlyForDeploymentPostprocessing = 0;
		};
		05BECC1C2098374500BE0961 /* Frameworks */ = {
			isa = PBXFrameworksBuildPhase;
			buildActionMask = 2147483647;
			files = (
			);
			runOnlyForDeploymentPostprocessing = 0;
		};
		05BECC272098374500BE0961 /* Frameworks */ = {
			isa = PBXFrameworksBuildPhase;
			buildActionMask = 2147483647;
			files = (
			);
			runOnlyForDeploymentPostprocessing = 0;
		};
/* End PBXFrameworksBuildPhase section */

/* Begin PBXGroup section */
		05BECC022098374300BE0961 = {
			isa = PBXGroup;
			children = (
				05BECC0D2098374300BE0961 /* skateSNS */,
				05BECC222098374500BE0961 /* skateSNSTests */,
				05BECC2D2098374500BE0961 /* skateSNSUITests */,
				05BECC0C2098374300BE0961 /* Products */,
			);
			sourceTree = "<group>";
		};
		05BECC0C2098374300BE0961 /* Products */ = {
			isa = PBXGroup;
			children = (
				05BECC0B2098374300BE0961 /* skateSNS.app */,
				05BECC1F2098374500BE0961 /* skateSNSTests.xctest */,
				05BECC2A2098374500BE0961 /* skateSNSUITests.xctest */,
			);
			name = Products;
			sourceTree = "<group>";
		};
		05BECC0D2098374300BE0961 /* skateSNS */ = {
			isa = PBXGroup;
			children = (
				05BECC0E2098374300BE0961 /* AppDelegate.swift */,
				05BECC102098374300BE0961 /* ViewController.swift */,
				05BECC122098374300BE0961 /* Main.storyboard */,
				05BECC152098374500BE0961 /* Assets.xcassets */,
				05BECC172098374500BE0961 /* LaunchScreen.storyboard */,
				05BECC1A2098374500BE0961 /* Info.plist */,
			);
			path = skateSNS;
			sourceTree = "<group>";
		};
		05BECC222098374500BE0961 /* skateSNSTests */ = {
			isa = PBXGroup;
			children = (
				05BECC232098374500BE0961 /* skateSNSTests.swift */,
				05BECC252098374500BE0961 /* Info.plist */,
			);
			path = skateSNSTests;
			sourceTree = "<group>";
		};
		05BECC2D2098374500BE0961 /* skateSNSUITests */ = {
			isa = PBXGroup;
			children = (
				05BECC2E2098374500BE0961 /* skateSNSUITests.swift */,
				05BECC302098374500BE0961 /* Info.plist */,
			);
			path = skateSNSUITests;
			sourceTree = "<group>";
		};
/* End PBXGroup section */

/* Begin PBXNativeTarget section */
		05BECC0A2098374300BE0961 /* skateSNS */ = {
			isa = PBXNativeTarget;
			buildConfigurationList = 05BECC332098374500BE0961 /* Build configuration list for PBXNativeTarget "skateSNS" */;
			buildPhases = (
				05BECC072098374300BE0961 /* Sources */,
				05BECC082098374300BE0961 /* Frameworks */,
				05BECC092098374300BE0961 /* Resources */,
			);
			buildRules = (
			);
			dependencies = (
			);
			name = skateSNS;
			productName = skateSNS;
			productReference = 05BECC0B2098374300BE0961 /* skateSNS.app */;
			productType = "com.apple.product-type.application";
		};
		05BECC1E2098374500BE0961 /* skateSNSTests */ = {
			isa = PBXNativeTarget;
			buildConfigurationList = 05BECC362098374500BE0961 /* Build configuration list for PBXNativeTarget "skateSNSTests" */;
			buildPhases = (
				05BECC1B2098374500BE0961 /* Sources */,
				05BECC1C2098374500BE0961 /* Frameworks */,
				05BECC1D2098374500BE0961 /* Resources */,
			);
			buildRules = (
			);
			dependencies = (
				05BECC212098374500BE0961 /* PBXTargetDependency */,
			);
			name = skateSNSTests;
			productName = skateSNSTests;
			productReference = 05BECC1F2098374500BE0961 /* skateSNSTests.xctest */;
			productType = "com.apple.product-type.bundle.unit-test";
		};
		05BECC292098374500BE0961 /* skateSNSUITests */ = {
			isa = PBXNativeTarget;
			buildConfigurationList = 05BECC392098374500BE0961 /* Build configuration list for PBXNativeTarget "skateSNSUITests" */;
			buildPhases = (
				05BECC262098374500BE0961 /* Sources */,
				05BECC272098374500BE0961 /* Frameworks */,
				05BECC282098374500BE0961 /* Resources */,
			);
			buildRules = (
			);
			dependencies = (
				05BECC2C2098374500BE0961 /* PBXTargetDependency */,
			);
			name = skateSNSUITests;
			productName = skateSNSUITests;
			productReference = 05BECC2A2098374500BE0961 /* skateSNSUITests.xctest */;
			productType = "com.apple.product-type.bundle.ui-testing";
		};
/* End PBXNativeTarget section */

/* Begin PBXProject section */
		05BECC032098374300BE0961 /* Project object */ = {
			isa = PBXProject;
			attributes = {
				LastSwiftUpdateCheck = 0930;
				LastUpgradeCheck = 0930;
				ORGANIZATIONNAME = IkegamiYuki;
				TargetAttributes = {
					05BECC0A2098374300BE0961 = {
						CreatedOnToolsVersion = 9.3;
					};
					05BECC1E2098374500BE0961 = {
						CreatedOnToolsVersion = 9.3;
						TestTargetID = 05BECC0A2098374300BE0961;
					};
					05BECC292098374500BE0961 = {
						CreatedOnToolsVersion = 9.3;
						TestTargetID = 05BECC0A2098374300BE0961;
					};
				};
			};
			buildConfigurationList = 05BECC062098374300BE0961 /* Build configuration list for PBXProject "skateSNS" */;
			compatibilityVersion = "Xcode 9.3";
			developmentRegion = en;
			hasScannedForEncodings = 0;
			knownRegions = (
				en,
				Base,
			);
			mainGroup = 05BECC022098374300BE0961;
			productRefGroup = 05BECC0C2098374300BE0961 /* Products */;
			projectDirPath = "";
			projectRoot = "";
			targets = (
				05BECC0A2098374300BE0961 /* skateSNS */,
				05BECC1E2098374500BE0961 /* skateSNSTests */,
				05BECC292098374500BE0961 /* skateSNSUITests */,
			);
		};
/* End PBXProject section */

/* Begin PBXResourcesBuildPhase section */
		05BECC092098374300BE0961 /* Resources */ = {
			isa = PBXResourcesBuildPhase;
			buildActionMask = 2147483647;
			files = (
				05BECC192098374500BE0961 /* LaunchScreen.storyboard in Resources */,
				05BECC162098374500BE0961 /* Assets.xcassets in Resources */,
				05BECC142098374300BE0961 /* Main.storyboard in Resources */,
			);
			runOnlyForDeploymentPostprocessing = 0;
		};
		05BECC1D2098374500BE0961 /* Resources */ = {
			isa = PBXResourcesBuildPhase;
			buildActionMask = 2147483647;
			files = (
			);
			runOnlyForDeploymentPostprocessing = 0;
		};
		05BECC282098374500BE0961 /* Resources */ = {
			isa = PBXResourcesBuildPhase;
			buildActionMask = 2147483647;
			files = (
			);
			runOnlyForDeploymentPostprocessing = 0;
		};
/* End PBXResourcesBuildPhase section */

/* Begin PBXSourcesBuildPhase section */
		05BECC072098374300BE0961 /* Sources */ = {
			isa = PBXSourcesBuildPhase;
			buildActionMask = 2147483647;
			files = (
				05BECC112098374300BE0961 /* ViewController.swift in Sources */,
				05BECC0F2098374300BE0961 /* AppDelegate.swift in Sources */,
			);
			runOnlyForDeploymentPostprocessing = 0;
		};
		05BECC1B2098374500BE0961 /* Sources */ = {
			isa = PBXSourcesBuildPhase;
			buildActionMask = 2147483647;
			files = (
				05BECC242098374500BE0961 /* skateSNSTests.swift in Sources */,
			);
			runOnlyForDeploymentPostprocessing = 0;
		};
		05BECC262098374500BE0961 /* Sources */ = {
			isa = PBXSourcesBuildPhase;
			buildActionMask = 2147483647;
			files = (
				05BECC2F2098374500BE0961 /* skateSNSUITests.swift in Sources */,
			);
			runOnlyForDeploymentPostprocessing = 0;
		};
/* End PBXSourcesBuildPhase section */

/* Begin PBXTargetDependency section */
		05BECC212098374500BE0961 /* PBXTargetDependency */ = {
			isa = PBXTargetDependency;
			target = 05BECC0A2098374300BE0961 /* skateSNS */;
			targetProxy = 05BECC202098374500BE0961 /* PBXContainerItemProxy */;
		};
		05BECC2C2098374500BE0961 /* PBXTargetDependency */ = {
			isa = PBXTargetDependency;
			target = 05BECC0A2098374300BE0961 /* skateSNS */;
			targetProxy = 05BECC2B2098374500BE0961 /* PBXContainerItemProxy */;
		};
/* End PBXTargetDependency section */

/* Begin PBXVariantGroup section */
		05BECC122098374300BE0961 /* Main.storyboard */ = {
			isa = PBXVariantGroup;
			children = (
				05BECC132098374300BE0961 /* Base */,
			);
			name = Main.storyboard;
			sourceTree = "<group>";
		};
		05BECC172098374500BE0961 /* LaunchScreen.storyboard */ = {
			isa = PBXVariantGroup;
			children = (
				05BECC182098374500BE0961 /* Base */,
			);
			name = LaunchScreen.storyboard;
			sourceTree = "<group>";
		};
/* End PBXVariantGroup section */

/* Begin XCBuildConfiguration section */
		05BECC312098374500BE0961 /* Debug */ = {
			isa = XCBuildConfiguration;
			buildSettings = {
				ALWAYS_SEARCH_USER_PATHS = NO;
				CLANG_ANALYZER_NONNULL = YES;
				CLANG_ANALYZER_NUMBER_OBJECT_CONVERSION = YES_AGGRESSIVE;
				CLANG_CXX_LANGUAGE_STANDARD = "gnu++14";
				CLANG_CXX_LIBRARY = "libc++";
				CLANG_ENABLE_MODULES = YES;
				CLANG_ENABLE_OBJC_ARC = YES;
				CLANG_ENABLE_OBJC_WEAK = YES;
				CLANG_WARN_BLOCK_CAPTURE_AUTORELEASING = YES;
				CLANG_WARN_BOOL_CONVERSION = YES;
				CLANG_WARN_COMMA = YES;
				CLANG_WARN_CONSTANT_CONVERSION = YES;
				CLANG_WARN_DEPRECATED_OBJC_IMPLEMENTATIONS = YES;
				CLANG_WARN_DIRECT_OBJC_ISA_USAGE = YES_ERROR;
				CLANG_WARN_DOCUMENTATION_COMMENTS = YES;
				CLANG_WARN_EMPTY_BODY = YES;
				CLANG_WARN_ENUM_CONVERSION = YES;
				CLANG_WARN_INFINITE_RECURSION = YES;
				CLANG_WARN_INT_CONVERSION = YES;
				CLANG_WARN_NON_LITERAL_NULL_CONVERSION = YES;
				CLANG_WARN_OBJC_IMPLICIT_RETAIN_SELF = YES;
				CLANG_WARN_OBJC_LITERAL_CONVERSION = YES;
				CLANG_WARN_OBJC_ROOT_CLASS = YES_ERROR;
				CLANG_WARN_RANGE_LOOP_ANALYSIS = YES;
				CLANG_WARN_STRICT_PROTOTYPES = YES;
				CLANG_WARN_SUSPICIOUS_MOVE = YES;
				CLANG_WARN_UNGUARDED_AVAILABILITY = YES_AGGRESSIVE;
				CLANG_WARN_UNREACHABLE_CODE = YES;
				CLANG_WARN__DUPLICATE_METHOD_MATCH = YES;
				CODE_SIGN_IDENTITY = "iPhone Developer";
				COPY_PHASE_STRIP = NO;
				DEBUG_INFORMATION_FORMAT = dwarf;
				ENABLE_STRICT_OBJC_MSGSEND = YES;
				ENABLE_TESTABILITY = YES;
				GCC_C_LANGUAGE_STANDARD = gnu11;
				GCC_DYNAMIC_NO_PIC = NO;
				GCC_NO_COMMON_BLOCKS = YES;
				GCC_OPTIMIZATION_LEVEL = 0;
				GCC_PREPROCESSOR_DEFINITIONS = (
					"DEBUG=1",
					"$(inherited)",
				);
				GCC_WARN_64_TO_32_BIT_CONVERSION = YES;
				GCC_WARN_ABOUT_RETURN_TYPE = YES_ERROR;
				GCC_WARN_UNDECLARED_SELECTOR = YES;
				GCC_WARN_UNINITIALIZED_AUTOS = YES_AGGRESSIVE;
				GCC_WARN_UNUSED_FUNCTION = YES;
				GCC_WARN_UNUSED_VARIABLE = YES;
				IPHONEOS_DEPLOYMENT_TARGET = 11.3;
				MTL_ENABLE_DEBUG_INFO = YES;
				ONLY_ACTIVE_ARCH = YES;
				SDKROOT = iphoneos;
				SWIFT_ACTIVE_COMPILATION_CONDITIONS = DEBUG;
				SWIFT_OPTIMIZATION_LEVEL = "-Onone";
			};
			name = Debug;
		};
		05BECC322098374500BE0961 /* Release */ = {
			isa = XCBuildConfiguration;
			buildSettings = {
				ALWAYS_SEARCH_USER_PATHS = NO;
				CLANG_ANALYZER_NONNULL = YES;
				CLANG_ANALYZER_NUMBER_OBJECT_CONVERSION = YES_AGGRESSIVE;
				CLANG_CXX_LANGUAGE_STANDARD = "gnu++14";
				CLANG_CXX_LIBRARY = "libc++";
				CLANG_ENABLE_MODULES = YES;
				CLANG_ENABLE_OBJC_ARC = YES;
				CLANG_ENABLE_OBJC_WEAK = YES;
				CLANG_WARN_BLOCK_CAPTURE_AUTORELEASING = YES;
				CLANG_WARN_BOOL_CONVERSION = YES;
				CLANG_WARN_COMMA = YES;
				CLANG_WARN_CONSTANT_CONVERSION = YES;
				CLANG_WARN_DEPRECATED_OBJC_IMPLEMENTATIONS = YES;
				CLANG_WARN_DIRECT_OBJC_ISA_USAGE = YES_ERROR;
				CLANG_WARN_DOCUMENTATION_COMMENTS = YES;
				CLANG_WARN_EMPTY_BODY = YES;
				CLANG_WARN_ENUM_CONVERSION = YES;
				CLANG_WARN_INFINITE_RECURSION = YES;
				CLANG_WARN_INT_CONVERSION = YES;
				CLANG_WARN_NON_LITERAL_NULL_CONVERSION = YES;
				CLANG_WARN_OBJC_IMPLICIT_RETAIN_SELF = YES;
				CLANG_WARN_OBJC_LITERAL_CONVERSION = YES;
				CLANG_WARN_OBJC_ROOT_CLASS = YES_ERROR;
				CLANG_WARN_RANGE_LOOP_ANALYSIS = YES;
				CLANG_WARN_STRICT_PROTOTYPES = YES;
				CLANG_WARN_SUSPICIOUS_MOVE = YES;
				CLANG_WARN_UNGUARDED_AVAILABILITY = YES_AGGRESSIVE;
				CLANG_WARN_UNREACHABLE_CODE = YES;
				CLANG_WARN__DUPLICATE_METHOD_MATCH = YES;
				CODE_SIGN_IDENTITY = "iPhone Developer";
				COPY_PHASE_STRIP = NO;
				DEBUG_INFORMATION_FORMAT = "dwarf-with-dsym";
				ENABLE_NS_ASSERTIONS = NO;
				ENABLE_STRICT_OBJC_MSGSEND = YES;
				GCC_C_LANGUAGE_STANDARD = gnu11;
				GCC_NO_COMMON_BLOCKS = YES;
				GCC_WARN_64_TO_32_BIT_CONVERSION = YES;
				GCC_WARN_ABOUT_RETURN_TYPE = YES_ERROR;
				GCC_WARN_UNDECLARED_SELECTOR = YES;
				GCC_WARN_UNINITIALIZED_AUTOS = YES_AGGRESSIVE;
				GCC_WARN_UNUSED_FUNCTION = YES;
				GCC_WARN_UNUSED_VARIABLE = YES;
				IPHONEOS_DEPLOYMENT_TARGET = 11.3;
				MTL_ENABLE_DEBUG_INFO = NO;
				SDKROOT = iphoneos;
				SWIFT_COMPILATION_MODE = wholemodule;
				SWIFT_OPTIMIZATION_LEVEL = "-O";
				VALIDATE_PRODUCT = YES;
			};
			name = Release;
		};
		05BECC342098374500BE0961 /* Debug */ = {
			isa = XCBuildConfiguration;
			buildSettings = {
				ASSETCATALOG_COMPILER_APPICON_NAME = AppIcon;
				CODE_SIGN_STYLE = Automatic;
				DEVELOPMENT_TEAM = A8K98NAY9U;
				INFOPLIST_FILE = skateSNS/Info.plist;
				LD_RUNPATH_SEARCH_PATHS = (
					"$(inherited)",
					"@executable_path/Frameworks",
				);
				PRODUCT_BUNDLE_IDENTIFIER = com.vajack.skateSNS;
				PRODUCT_NAME = "$(TARGET_NAME)";
				SWIFT_VERSION = 4.0;
				TARGETED_DEVICE_FAMILY = "1,2";
			};
			name = Debug;
		};
		05BECC352098374500BE0961 /* Release */ = {
			isa = XCBuildConfiguration;
			buildSettings = {
				ASSETCATALOG_COMPILER_APPICON_NAME = AppIcon;
				CODE_SIGN_STYLE = Automatic;
				DEVELOPMENT_TEAM = A8K98NAY9U;
				INFOPLIST_FILE = skateSNS/Info.plist;
				LD_RUNPATH_SEARCH_PATHS = (
					"$(inherited)",
					"@executable_path/Frameworks",
				);
				PRODUCT_BUNDLE_IDENTIFIER = com.vajack.skateSNS;
				PRODUCT_NAME = "$(TARGET_NAME)";
				SWIFT_VERSION = 4.0;
				TARGETED_DEVICE_FAMILY = "1,2";
			};
			name = Release;
		};
		05BECC372098374500BE0961 /* Debug */ = {
			isa = XCBuildConfiguration;
			buildSettings = {
				ALWAYS_EMBED_SWIFT_STANDARD_LIBRARIES = YES;
				BUNDLE_LOADER = "$(TEST_HOST)";
				CODE_SIGN_STYLE = Automatic;
				DEVELOPMENT_TEAM = A8K98NAY9U;
				INFOPLIST_FILE = skateSNSTests/Info.plist;
				LD_RUNPATH_SEARCH_PATHS = (
					"$(inherited)",
					"@executable_path/Frameworks",
					"@loader_path/Frameworks",
				);
				PRODUCT_BUNDLE_IDENTIFIER = com.vajack.skateSNSTests;
				PRODUCT_NAME = "$(TARGET_NAME)";
				SWIFT_VERSION = 4.0;
				TARGETED_DEVICE_FAMILY = "1,2";
				TEST_HOST = "$(BUILT_PRODUCTS_DIR)/skateSNS.app/skateSNS";
			};
			name = Debug;
		};
		05BECC382098374500BE0961 /* Release */ = {
			isa = XCBuildConfiguration;
			buildSettings = {
				ALWAYS_EMBED_SWIFT_STANDARD_LIBRARIES = YES;
				BUNDLE_LOADER = "$(TEST_HOST)";
				CODE_SIGN_STYLE = Automatic;
				DEVELOPMENT_TEAM = A8K98NAY9U;
				INFOPLIST_FILE = skateSNSTests/Info.plist;
				LD_RUNPATH_SEARCH_PATHS = (
					"$(inherited)",
					"@executable_path/Frameworks",
					"@loader_path/Frameworks",
				);
				PRODUCT_BUNDLE_IDENTIFIER = com.vajack.skateSNSTests;
				PRODUCT_NAME = "$(TARGET_NAME)";
				SWIFT_VERSION = 4.0;
				TARGETED_DEVICE_FAMILY = "1,2";
				TEST_HOST = "$(BUILT_PRODUCTS_DIR)/skateSNS.app/skateSNS";
			};
			name = Release;
		};
		05BECC3A2098374500BE0961 /* Debug */ = {
			isa = XCBuildConfiguration;
			buildSettings = {
				ALWAYS_EMBED_SWIFT_STANDARD_LIBRARIES = YES;
				CODE_SIGN_STYLE = Automatic;
				DEVELOPMENT_TEAM = A8K98NAY9U;
				INFOPLIST_FILE = skateSNSUITests/Info.plist;
				LD_RUNPATH_SEARCH_PATHS = (
					"$(inherited)",
					"@executable_path/Frameworks",
					"@loader_path/Frameworks",
				);
				PRODUCT_BUNDLE_IDENTIFIER = com.vajack.skateSNSUITests;
				PRODUCT_NAME = "$(TARGET_NAME)";
				SWIFT_VERSION = 4.0;
				TARGETED_DEVICE_FAMILY = "1,2";
				TEST_TARGET_NAME = skateSNS;
			};
			name = Debug;
		};
		05BECC3B2098374500BE0961 /* Release */ = {
			isa = XCBuildConfiguration;
			buildSettings = {
				ALWAYS_EMBED_SWIFT_STANDARD_LIBRARIES = YES;
				CODE_SIGN_STYLE = Automatic;
				DEVELOPMENT_TEAM = A8K98NAY9U;
				INFOPLIST_FILE = skateSNSUITests/Info.plist;
				LD_RUNPATH_SEARCH_PATHS = (
					"$(inherited)",
					"@executable_path/Frameworks",
					"@loader_path/Frameworks",
				);
				PRODUCT_BUNDLE_IDENTIFIER = com.vajack.skateSNSUITests;
				PRODUCT_NAME = "$(TARGET_NAME)";
				SWIFT_VERSION = 4.0;
				TARGETED_DEVICE_FAMILY = "1,2";
				TEST_TARGET_NAME = skateSNS;
			};
			name = Release;
		};
/* End XCBuildConfiguration section */

/* Begin XCConfigurationList section */
		05BECC062098374300BE0961 /* Build configuration list for PBXProject "skateSNS" */ = {
			isa = XCConfigurationList;
			buildConfigurations = (
				05BECC312098374500BE0961 /* Debug */,
				05BECC322098374500BE0961 /* Release */,
			);
			defaultConfigurationIsVisible = 0;
			defaultConfigurationName = Release;
		};
		05BECC332098374500BE0961 /* Build configuration list for PBXNativeTarget "skateSNS" */ = {
			isa = XCConfigurationList;
			buildConfigurations = (
				05BECC342098374500BE0961 /* Debug */,
				05BECC352098374500BE0961 /* Release */,
			);
			defaultConfigurationIsVisible = 0;
			defaultConfigurationName = Release;
		};
		05BECC362098374500BE0961 /* Build configuration list for PBXNativeTarget "skateSNSTests" */ = {
			isa = XCConfigurationList;
			buildConfigurations = (
				05BECC372098374500BE0961 /* Debug */,
				05BECC382098374500BE0961 /* Release */,
			);
			defaultConfigurationIsVisible = 0;
			defaultConfigurationName = Release;
		};
		05BECC392098374500BE0961 /* Build configuration list for PBXNativeTarget "skateSNSUITests" */ = {
			isa = XCConfigurationList;
			buildConfigurations = (
				05BECC3A2098374500BE0961 /* Debug */,
				05BECC3B2098374500BE0961 /* Release */,
			);
			defaultConfigurationIsVisible = 0;
			defaultConfigurationName = Release;
		};
/* End XCConfigurationList section */
	};
	rootObject = 05BECC032098374300BE0961 /* Project object */;
}
